lockfileVersion: '9.0'

settings:
  autoInstallPeers: true
  excludeLinksFromLockfile: false

importers:

  .: {}

  packages/bridge: {}

  packages/review-contract: {}

  packages/runtime: {}

  packages/studio-core: {}

  packages/studio-import-dom: {}

  packages/studio-web: {}

  packages/vscode: {}
